
Microsoft Visual Studio Solution File, Format Version 12.00
# Visual Studio Version 17
VisualStudioVersion = 17.0.32014.148
MinimumVisualStudioVersion = 10.0.40219.1
Project("{FAE04EC0-301F-11D3-BF4B-00C04F79EFBC}") = "Kodetime 28.02", "Kodetime 28.02\Kodetime 28.02.csproj", "{9AC42890-CBD6-4CAE-9955-41E3F4F0E780}"
EndProject
Global
	GlobalSection(SolutionConfigurationPlatforms) = preSolution
		Debug|Any CPU = Debug|Any CPU
		Release|Any CPU = Release|Any CPU
	EndGlobalSection
	GlobalSection(ProjectConfigurationPlatforms) = postSolution
		{9AC42890-CBD6-4CAE-9955-41E3F4F0E780}.Debug|Any CPU.ActiveCfg = Debug|Any CPU
		{9AC42890-CBD6-4CAE-9955-41E3F4F0E780}.Debug|Any CPU.Build.0 = Debug|Any CPU
		{9AC42890-CBD6-4CAE-9955-41E3F4F0E780}.Release|Any CPU.ActiveCfg = Release|Any CPU
		{9AC42890-CBD6-4CAE-9955-41E3F4F0E780}.Release|Any CPU.Build.0 = Release|Any CPU
	EndGlobalSection
	GlobalSection(SolutionProperties) = preSolution
		HideSolutionNode = FALSE
	EndGlobalSection
	GlobalSection(ExtensibilityGlobals) = postSolution
		SolutionGuid = {BA445CB2-83C7-43A0-A16F-08CD4431EDB8}
	EndGlobalSection
EndGlobal
